
Microsoft Visual Studio Solution File, Format Version 12.00
# Visual Studio Version 17
VisualStudioVersion = 17.0.31903.59
MinimumVisualStudioVersion = 10.0.40219.1
Project("{2150E333-8FDC-42A3-9474-1A3956D46DE8}") = "src", "src", "{827E0CD3-B72D-47B6-A68D-7590B98EB39B}"
EndProject
Project("{FAE04EC0-301F-11D3-BF4B-00C04F79EFBC}") = "Dotisan.Cli", "src\Dotisan.Cli\Dotisan.Cli.csproj", "{A682BD14-F4F7-475B-9A54-E6F319780D1C}"
EndProject
Project("{FAE04EC0-301F-11D3-BF4B-00C04F79EFBC}") = "Dotisan.Core", "src\Dotisan.Core\Dotisan.Core.csproj", "{77235E78-F79D-4534-AD12-64CA479DFDBF}"
EndProject
Project("{FAE04EC0-301F-11D3-BF4B-00C04F79EFBC}") = "Dotisan.Generators", "src\Dotisan.Generators\Dotisan.Generators.csproj", "{33CAB79E-0C0B-4AEA-B551-E84BD537A20D}"
EndProject
Project("{FAE04EC0-301F-11D3-BF4B-00C04F79EFBC}") = "Dotisan.AspNetCore", "src\Dotisan.AspNetCore\Dotisan.AspNetCore.csproj", "{EEC27BC6-B306-4221-9AB2-D59C1EDC6755}"
EndProject
Project("{FAE04EC0-301F-11D3-BF4B-00C04F79EFBC}") = "Dotisan.TypeScript", "src\Dotisan.TypeScript\Dotisan.TypeScript.csproj", "{C40DA690-9DB2-4421-BC83-58BC51DFC17E}"
EndProject
Project("{FAE04EC0-301F-11D3-BF4B-00C04F79EFBC}") = "Dotisan.Testing", "src\Dotisan.Testing\Dotisan.Testing.csproj", "{B9371033-78E8-406A-95DD-9078D32DA818}"
EndProject
Project("{2150E333-8FDC-42A3-9474-1A3956D46DE8}") = "tests", "tests", "{0AB3BF05-4346-4AA6-1389-037BE0695223}"
EndProject
Project("{FAE04EC0-301F-11D3-BF4B-00C04F79EFBC}") = "Dotisan.Core.Tests", "tests\Dotisan.Core.Tests\Dotisan.Core.Tests.csproj", "{96B8242B-646A-4CCD-869F-93D829B57C43}"
EndProject
Project("{FAE04EC0-301F-11D3-BF4B-00C04F79EFBC}") = "Dotisan.Cli.Tests", "tests\Dotisan.Cli.Tests\Dotisan.Cli.Tests.csproj", "{D5630FB3-7D1D-46EC-8E87-0ED53DC24646}"
EndProject
Project("{FAE04EC0-301F-11D3-BF4B-00C04F79EFBC}") = "Dotisan.Generators.Tests", "tests\Dotisan.Generators.Tests\Dotisan.Generators.Tests.csproj", "{5C25587A-5BE3-45C2-B826-DC2F07EA9183}"
EndProject
Project("{FAE04EC0-301F-11D3-BF4B-00C04F79EFBC}") = "Dotisan.AspNetCore.Tests", "tests\Dotisan.AspNetCore.Tests\Dotisan.AspNetCore.Tests.csproj", "{CFA49D7B-E28A-409F-8BEE-4F1BC435B288}"
EndProject
Project("{FAE04EC0-301F-11D3-BF4B-00C04F79EFBC}") = "Dotisan.SourceGenerators", "src\Dotisan.SourceGenerators\Dotisan.SourceGenerators.csproj", "{964DE4E0-D9DB-439E-9063-C2ABABC03DDE}"
EndProject
Project("{FAE04EC0-301F-11D3-BF4B-00C04F79EFBC}") = "Dotisan.SourceGenerators.Tests", "tests\Dotisan.SourceGenerators.Tests\Dotisan.SourceGenerators.Tests.csproj", "{BB2DF0D0-FEFD-4397-8F44-345A26DF2BC6}"
EndProject
Global
	GlobalSection(SolutionConfigurationPlatforms) = preSolution
		Debug|Any CPU = Debug|Any CPU
		Debug|x64 = Debug|x64
		Debug|x86 = Debug|x86
		Release|Any CPU = Release|Any CPU
		Release|x64 = Release|x64
		Release|x86 = Release|x86
	EndGlobalSection
	GlobalSection(ProjectConfigurationPlatforms) = postSolution
		{A682BD14-F4F7-475B-9A54-E6F319780D1C}.Debug|Any CPU.ActiveCfg = Debug|Any CPU
		{A682BD14-F4F7-475B-9A54-E6F319780D1C}.Debug|Any CPU.Build.0 = Debug|Any CPU
		{A682BD14-F4F7-475B-9A54-E6F319780D1C}.Debug|x64.ActiveCfg = Debug|Any CPU
		{A682BD14-F4F7-475B-9A54-E6F319780D1C}.Debug|x64.Build.0 = Debug|Any CPU
		{A682BD14-F4F7-475B-9A54-E6F319780D1C}.Debug|x86.ActiveCfg = Debug|Any CPU
		{A682BD14-F4F7-475B-9A54-E6F319780D1C}.Debug|x86.Build.0 = Debug|Any CPU
		{A682BD14-F4F7-475B-9A54-E6F319780D1C}.Release|Any CPU.ActiveCfg = Release|Any CPU
		{A682BD14-F4F7-475B-9A54-E6F319780D1C}.Release|Any CPU.Build.0 = Release|Any CPU
		{A682BD14-F4F7-475B-9A54-E6F319780D1C}.Release|x64.ActiveCfg = Release|Any CPU
		{A682BD14-F4F7-475B-9A54-E6F319780D1C}.Release|x64.Build.0 = Release|Any CPU
		{A682BD14-F4F7-475B-9A54-E6F319780D1C}.Release|x86.ActiveCfg = Release|Any CPU
		{A682BD14-F4F7-475B-9A54-E6F319780D1C}.Release|x86.Build.0 = Release|Any CPU
		{77235E78-F79D-4534-AD12-64CA479DFDBF}.Debug|Any CPU.ActiveCfg = Debug|Any CPU
		{77235E78-F79D-4534-AD12-64CA479DFDBF}.Debug|Any CPU.Build.0 = Debug|Any CPU
		{77235E78-F79D-4534-AD12-64CA479DFDBF}.Debug|x64.ActiveCfg = Debug|Any CPU
		{77235E78-F79D-4534-AD12-64CA479DFDBF}.Debug|x64.Build.0 = Debug|Any CPU
		{77235E78-F79D-4534-AD12-64CA479DFDBF}.Debug|x86.ActiveCfg = Debug|Any CPU
		{77235E78-F79D-4534-AD12-64CA479DFDBF}.Debug|x86.Build.0 = Debug|Any CPU
		{77235E78-F79D-4534-AD12-64CA479DFDBF}.Release|Any CPU.ActiveCfg = Release|Any CPU
		{77235E78-F79D-4534-AD12-64CA479DFDBF}.Release|Any CPU.Build.0 = Release|Any CPU
		{77235E78-F79D-4534-AD12-64CA479DFDBF}.Release|x64.ActiveCfg = Release|Any CPU
		{77235E78-F79D-4534-AD12-64CA479DFDBF}.Release|x64.Build.0 = Release|Any CPU
		{77235E78-F79D-4534-AD12-64CA479DFDBF}.Release|x86.ActiveCfg = Release|Any CPU
		{77235E78-F79D-4534-AD12-64CA479DFDBF}.Release|x86.Build.0 = Release|Any CPU
		{33CAB79E-0C0B-4AEA-B551-E84BD537A20D}.Debug|Any CPU.ActiveCfg = Debug|Any CPU
		{33CAB79E-0C0B-4AEA-B551-E84BD537A20D}.Debug|Any CPU.Build.0 = Debug|Any CPU
		{33CAB79E-0C0B-4AEA-B551-E84BD537A20D}.Debug|x64.ActiveCfg = Debug|Any CPU
		{33CAB79E-0C0B-4AEA-B551-E84BD537A20D}.Debug|x64.Build.0 = Debug|Any CPU
		{33CAB79E-0C0B-4AEA-B551-E84BD537A20D}.Debug|x86.ActiveCfg = Debug|Any CPU
		{33CAB79E-0C0B-4AEA-B551-E84BD537A20D}.Debug|x86.Build.0 = Debug|Any CPU
		{33CAB79E-0C0B-4AEA-B551-E84BD537A20D}.Release|Any CPU.ActiveCfg = Release|Any CPU
		{33CAB79E-0C0B-4AEA-B551-E84BD537A20D}.Release|Any CPU.Build.0 = Release|Any CPU
		{33CAB79E-0C0B-4AEA-B551-E84BD537A20D}.Release|x64.ActiveCfg = Release|Any CPU
		{33CAB79E-0C0B-4AEA-B551-E84BD537A20D}.Release|x64.Build.0 = Release|Any CPU
		{33CAB79E-0C0B-4AEA-B551-E84BD537A20D}.Release|x86.ActiveCfg = Release|Any CPU
		{33CAB79E-0C0B-4AEA-B551-E84BD537A20D}.Release|x86.Build.0 = Release|Any CPU
		{EEC27BC6-B306-4221-9AB2-D59C1EDC6755}.Debug|Any CPU.ActiveCfg = Debug|Any CPU
		{EEC27BC6-B306-4221-9AB2-D59C1EDC6755}.Debug|Any CPU.Build.0 = Debug|Any CPU
		{EEC27BC6-B306-4221-9AB2-D59C1EDC6755}.Debug|x64.ActiveCfg = Debug|Any CPU
		{EEC27BC6-B306-4221-9AB2-D59C1EDC6755}.Debug|x64.Build.0 = Debug|Any CPU
		{EEC27BC6-B306-4221-9AB2-D59C1EDC6755}.Debug|x86.ActiveCfg = Debug|Any CPU
		{EEC27BC6-B306-4221-9AB2-D59C1EDC6755}.Debug|x86.Build.0 = Debug|Any CPU
		{EEC27BC6-B306-4221-9AB2-D59C1EDC6755}.Release|Any CPU.ActiveCfg = Release|Any CPU
		{EEC27BC6-B306-4221-9AB2-D59C1EDC6755}.Release|Any CPU.Build.0 = Release|Any CPU
		{EEC27BC6-B306-4221-9AB2-D59C1EDC6755}.Release|x64.ActiveCfg = Release|Any CPU
		{EEC27BC6-B306-4221-9AB2-D59C1EDC6755}.Release|x64.Build.0 = Release|Any CPU
		{EEC27BC6-B306-4221-9AB2-D59C1EDC6755}.Release|x86.ActiveCfg = Release|Any CPU
		{EEC27BC6-B306-4221-9AB2-D59C1EDC6755}.Release|x86.Build.0 = Release|Any CPU
		{C40DA690-9DB2-4421-BC83-58BC51DFC17E}.Debug|Any CPU.ActiveCfg = Debug|Any CPU
		{C40DA690-9DB2-4421-BC83-58BC51DFC17E}.Debug|Any CPU.Build.0 = Debug|Any CPU
		{C40DA690-9DB2-4421-BC83-58BC51DFC17E}.Debug|x64.ActiveCfg = Debug|Any CPU
		{C40DA690-9DB2-4421-BC83-58BC51DFC17E}.Debug|x64.Build.0 = Debug|Any CPU
		{C40DA690-9DB2-4421-BC83-58BC51DFC17E}.Debug|x86.ActiveCfg = Debug|Any CPU
		{C40DA690-9DB2-4421-BC83-58BC51DFC17E}.Debug|x86.Build.0 = Debug|Any CPU
		{C40DA690-9DB2-4421-BC83-58BC51DFC17E}.Release|Any CPU.ActiveCfg = Release|Any CPU
		{C40DA690-9DB2-4421-BC83-58BC51DFC17E}.Release|Any CPU.Build.0 = Release|Any CPU
		{C40DA690-9DB2-4421-BC83-58BC51DFC17E}.Release|x64.ActiveCfg = Release|Any CPU
		{C40DA690-9DB2-4421-BC83-58BC51DFC17E}.Release|x64.Build.0 = Release|Any CPU
		{C40DA690-9DB2-4421-BC83-58BC51DFC17E}.Release|x86.ActiveCfg = Release|Any CPU
		{C40DA690-9DB2-4421-BC83-58BC51DFC17E}.Release|x86.Build.0 = Release|Any CPU
		{B9371033-78E8-406A-95DD-9078D32DA818}.Debug|Any CPU.ActiveCfg = Debug|Any CPU
		{B9371033-78E8-406A-95DD-9078D32DA818}.Debug|Any CPU.Build.0 = Debug|Any CPU
		{B9371033-78E8-406A-95DD-9078D32DA818}.Debug|x64.ActiveCfg = Debug|Any CPU
		{B9371033-78E8-406A-95DD-9078D32DA818}.Debug|x64.Build.0 = Debug|Any CPU
		{B9371033-78E8-406A-95DD-9078D32DA818}.Debug|x86.ActiveCfg = Debug|Any CPU
		{B9371033-78E8-406A-95DD-9078D32DA818}.Debug|x86.Build.0 = Debug|Any CPU
		{B9371033-78E8-406A-95DD-9078D32DA818}.Release|Any CPU.ActiveCfg = Release|Any CPU
		{B9371033-78E8-406A-95DD-9078D32DA818}.Release|Any CPU.Build.0 = Release|Any CPU
		{B9371033-78E8-406A-95DD-9078D32DA818}.Release|x64.ActiveCfg = Release|Any CPU
		{B9371033-78E8-406A-95DD-9078D32DA818}.Release|x64.Build.0 = Release|Any CPU
		{B9371033-78E8-406A-95DD-9078D32DA818}.Release|x86.ActiveCfg = Release|Any CPU
		{B9371033-78E8-406A-95DD-9078D32DA818}.Release|x86.Build.0 = Release|Any CPU
		{96B8242B-646A-4CCD-869F-93D829B57C43}.Debug|Any CPU.ActiveCfg = Debug|Any CPU
		{96B8242B-646A-4CCD-869F-93D829B57C43}.Debug|Any CPU.Build.0 = Debug|Any CPU
		{96B8242B-646A-4CCD-869F-93D829B57C43}.Debug|x64.ActiveCfg = Debug|Any CPU
		{96B8242B-646A-4CCD-869F-93D829B57C43}.Debug|x64.Build.0 = Debug|Any CPU
		{96B8242B-646A-4CCD-869F-93D829B57C43}.Debug|x86.ActiveCfg = Debug|Any CPU
		{96B8242B-646A-4CCD-869F-93D829B57C43}.Debug|x86.Build.0 = Debug|Any CPU
		{96B8242B-646A-4CCD-869F-93D829B57C43}.Release|Any CPU.ActiveCfg = Release|Any CPU
		{96B8242B-646A-4CCD-869F-93D829B57C43}.Release|Any CPU.Build.0 = Release|Any CPU
		{96B8242B-646A-4CCD-869F-93D829B57C43}.Release|x64.ActiveCfg = Release|Any CPU
		{96B8242B-646A-4CCD-869F-93D829B57C43}.Release|x64.Build.0 = Release|Any CPU
		{96B8242B-646A-4CCD-869F-93D829B57C43}.Release|x86.ActiveCfg = Release|Any CPU
		{96B8242B-646A-4CCD-869F-93D829B57C43}.Release|x86.Build.0 = Release|Any CPU
		{D5630FB3-7D1D-46EC-8E87-0ED53DC24646}.Debug|Any CPU.ActiveCfg = Debug|Any CPU
		{D5630FB3-7D1D-46EC-8E87-0ED53DC24646}.Debug|Any CPU.Build.0 = Debug|Any CPU
		{D5630FB3-7D1D-46EC-8E87-0ED53DC24646}.Debug|x64.ActiveCfg = Debug|Any CPU
		{D5630FB3-7D1D-46EC-8E87-0ED53DC24646}.Debug|x64.Build.0 = Debug|Any CPU
		{D5630FB3-7D1D-46EC-8E87-0ED53DC24646}.Debug|x86.ActiveCfg = Debug|Any CPU
		{D5630FB3-7D1D-46EC-8E87-0ED53DC24646}.Debug|x86.Build.0 = Debug|Any CPU
		{D5630FB3-7D1D-46EC-8E87-0ED53DC24646}.Release|Any CPU.ActiveCfg = Release|Any CPU
		{D5630FB3-7D1D-46EC-8E87-0ED53DC24646}.Release|Any CPU.Build.0 = Release|Any CPU
		{D5630FB3-7D1D-46EC-8E87-0ED53DC24646}.Release|x64.ActiveCfg = Release|Any CPU
		{D5630FB3-7D1D-46EC-8E87-0ED53DC24646}.Release|x64.Build.0 = Release|Any CPU
		{D5630FB3-7D1D-46EC-8E87-0ED53DC24646}.Release|x86.ActiveCfg = Release|Any CPU
		{D5630FB3-7D1D-46EC-8E87-0ED53DC24646}.Release|x86.Build.0 = Release|Any CPU
		{5C25587A-5BE3-45C2-B826-DC2F07EA9183}.Debug|Any CPU.ActiveCfg = Debug|Any CPU
		{5C25587A-5BE3-45C2-B826-DC2F07EA9183}.Debug|Any CPU.Build.0 = Debug|Any CPU
		{5C25587A-5BE3-45C2-B826-DC2F07EA9183}.Debug|x64.ActiveCfg = Debug|Any CPU
		{5C25587A-5BE3-45C2-B826-DC2F07EA9183}.Debug|x64.Build.0 = Debug|Any CPU
		{5C25587A-5BE3-45C2-B826-DC2F07EA9183}.Debug|x86.ActiveCfg = Debug|Any CPU
		{5C25587A-5BE3-45C2-B826-DC2F07EA9183}.Debug|x86.Build.0 = Debug|Any CPU
		{5C25587A-5BE3-45C2-B826-DC2F07EA9183}.Release|Any CPU.ActiveCfg = Release|Any CPU
		{5C25587A-5BE3-45C2-B826-DC2F07EA9183}.Release|Any CPU.Build.0 = Release|Any CPU
		{5C25587A-5BE3-45C2-B826-DC2F07EA9183}.Release|x64.ActiveCfg = Release|Any CPU
		{5C25587A-5BE3-45C2-B826-DC2F07EA9183}.Release|x64.Build.0 = Release|Any CPU
		{5C25587A-5BE3-45C2-B826-DC2F07EA9183}.Release|x86.ActiveCfg = Release|Any CPU
		{5C25587A-5BE3-45C2-B826-DC2F07EA9183}.Release|x86.Build.0 = Release|Any CPU
		{CFA49D7B-E28A-409F-8BEE-4F1BC435B288}.Debug|Any CPU.ActiveCfg = Debug|Any CPU
		{CFA49D7B-E28A-409F-8BEE-4F1BC435B288}.Debug|Any CPU.Build.0 = Debug|Any CPU
		{CFA49D7B-E28A-409F-8BEE-4F1BC435B288}.Debug|x64.ActiveCfg = Debug|Any CPU
		{CFA49D7B-E28A-409F-8BEE-4F1BC435B288}.Debug|x64.Build.0 = Debug|Any CPU
		{CFA49D7B-E28A-409F-8BEE-4F1BC435B288}.Debug|x86.ActiveCfg = Debug|Any CPU
		{CFA49D7B-E28A-409F-8BEE-4F1BC435B288}.Debug|x86.Build.0 = Debug|Any CPU
		{CFA49D7B-E28A-409F-8BEE-4F1BC435B288}.Release|Any CPU.ActiveCfg = Release|Any CPU
		{CFA49D7B-E28A-409F-8BEE-4F1BC435B288}.Release|Any CPU.Build.0 = Release|Any CPU
		{CFA49D7B-E28A-409F-8BEE-4F1BC435B288}.Release|x64.ActiveCfg = Release|Any CPU
		{CFA49D7B-E28A-409F-8BEE-4F1BC435B288}.Release|x64.Build.0 = Release|Any CPU
		{CFA49D7B-E28A-409F-8BEE-4F1BC435B288}.Release|x86.ActiveCfg = Release|Any CPU
		{CFA49D7B-E28A-409F-8BEE-4F1BC435B288}.Release|x86.Build.0 = Release|Any CPU
		{964DE4E0-D9DB-439E-9063-C2ABABC03DDE}.Debug|Any CPU.ActiveCfg = Debug|Any CPU
		{964DE4E0-D9DB-439E-9063-C2ABABC03DDE}.Debug|Any CPU.Build.0 = Debug|Any CPU
		{964DE4E0-D9DB-439E-9063-C2ABABC03DDE}.Debug|x64.ActiveCfg = Debug|Any CPU
		{964DE4E0-D9DB-439E-9063-C2ABABC03DDE}.Debug|x64.Build.0 = Debug|Any CPU
		{964DE4E0-D9DB-439E-9063-C2ABABC03DDE}.Debug|x86.ActiveCfg = Debug|Any CPU
		{964DE4E0-D9DB-439E-9063-C2ABABC03DDE}.Debug|x86.Build.0 = Debug|Any CPU
		{964DE4E0-D9DB-439E-9063-C2ABABC03DDE}.Release|Any CPU.ActiveCfg = Release|Any CPU
		{964DE4E0-D9DB-439E-9063-C2ABABC03DDE}.Release|Any CPU.Build.0 = Release|Any CPU
		{964DE4E0-D9DB-439E-9063-C2ABABC03DDE}.Release|x64.ActiveCfg = Release|Any CPU
		{964DE4E0-D9DB-439E-9063-C2ABABC03DDE}.Release|x64.Build.0 = Release|Any CPU
		{964DE4E0-D9DB-439E-9063-C2ABABC03DDE}.Release|x86.ActiveCfg = Release|Any CPU
		{964DE4E0-D9DB-439E-9063-C2ABABC03DDE}.Release|x86.Build.0 = Release|Any CPU
		{BB2DF0D0-FEFD-4397-8F44-345A26DF2BC6}.Debug|Any CPU.ActiveCfg = Debug|Any CPU
		{BB2DF0D0-FEFD-4397-8F44-345A26DF2BC6}.Debug|Any CPU.Build.0 = Debug|Any CPU
		{BB2DF0D0-FEFD-4397-8F44-345A26DF2BC6}.Debug|x64.ActiveCfg = Debug|Any CPU
		{BB2DF0D0-FEFD-4397-8F44-345A26DF2BC6}.Debug|x64.Build.0 = Debug|Any CPU
		{BB2DF0D0-FEFD-4397-8F44-345A26DF2BC6}.Debug|x86.ActiveCfg = Debug|Any CPU
		{BB2DF0D0-FEFD-4397-8F44-345A26DF2BC6}.Debug|x86.Build.0 = Debug|Any CPU
		{BB2DF0D0-FEFD-4397-8F44-345A26DF2BC6}.Release|Any CPU.ActiveCfg = Release|Any CPU
		{BB2DF0D0-FEFD-4397-8F44-345A26DF2BC6}.Release|Any CPU.Build.0 = Release|Any CPU
		{BB2DF0D0-FEFD-4397-8F44-345A26DF2BC6}.Release|x64.ActiveCfg = Release|Any CPU
		{BB2DF0D0-FEFD-4397-8F44-345A26DF2BC6}.Release|x64.Build.0 = Release|Any CPU
		{BB2DF0D0-FEFD-4397-8F44-345A26DF2BC6}.Release|x86.ActiveCfg = Release|Any CPU
		{BB2DF0D0-FEFD-4397-8F44-345A26DF2BC6}.Release|x86.Build.0 = Release|Any CPU
	EndGlobalSection
	GlobalSection(SolutionProperties) = preSolution
		HideSolutionNode = FALSE
	EndGlobalSection
	GlobalSection(NestedProjects) = preSolution
		{A682BD14-F4F7-475B-9A54-E6F319780D1C} = {827E0CD3-B72D-47B6-A68D-7590B98EB39B}
		{77235E78-F79D-4534-AD12-64CA479DFDBF} = {827E0CD3-B72D-47B6-A68D-7590B98EB39B}
		{33CAB79E-0C0B-4AEA-B551-E84BD537A20D} = {827E0CD3-B72D-47B6-A68D-7590B98EB39B}
		{EEC27BC6-B306-4221-9AB2-D59C1EDC6755} = {827E0CD3-B72D-47B6-A68D-7590B98EB39B}
		{C40DA690-9DB2-4421-BC83-58BC51DFC17E} = {827E0CD3-B72D-47B6-A68D-7590B98EB39B}
		{B9371033-78E8-406A-95DD-9078D32DA818} = {827E0CD3-B72D-47B6-A68D-7590B98EB39B}
		{96B8242B-646A-4CCD-869F-93D829B57C43} = {0AB3BF05-4346-4AA6-1389-037BE0695223}
		{D5630FB3-7D1D-46EC-8E87-0ED53DC24646} = {0AB3BF05-4346-4AA6-1389-037BE0695223}
		{5C25587A-5BE3-45C2-B826-DC2F07EA9183} = {0AB3BF05-4346-4AA6-1389-037BE0695223}
		{CFA49D7B-E28A-409F-8BEE-4F1BC435B288} = {0AB3BF05-4346-4AA6-1389-037BE0695223}
		{964DE4E0-D9DB-439E-9063-C2ABABC03DDE} = {827E0CD3-B72D-47B6-A68D-7590B98EB39B}
		{BB2DF0D0-FEFD-4397-8F44-345A26DF2BC6} = {0AB3BF05-4346-4AA6-1389-037BE0695223}
	EndGlobalSection
EndGlobal
